{
  "name": "tailwind-capacitor",
  "version": "1.0.9",
  "lockfileVersion": 3,
  "requires": true,
  "packages": {
    "": {
      "name": "tailwind-capacitor",
      "version": "1.0.9",
      "license": "MIT",
      "dependencies": {
        "tailwindcss": "^4.0.0"
      }
    },
    "node_modules/tailwindcss": {
      "version": "4.0.6",
      "resolved": "https://registry.npmjs.org/tailwindcss/-/tailwindcss-4.0.6.tgz",
      "integrity": "sha512-mysewHYJKaXgNOW6pp5xon/emCsfAMnO8WMaGKZZ35fomnR/T5gYnRg2/yRTTrtXiEl1tiVkeRt0eMO6HxEZqw==",
      "license": "MIT"
    }
  }
}
